
Microsoft Visual Studio Solution File, Format Version 12.00
# Visual Studio 14
VisualStudioVersion = 14.0.23107.0
MinimumVisualStudioVersion = 10.0.40219.1
Project("{FAE04EC0-301F-11D3-BF4B-00C04F79EFBC}") = "StudentServer", "StudentServer\StudentServer.csproj", "{FACC4C30-C496-4DC8-A83A-46C8FF3B280C}"
EndProject
Global
	GlobalSection(SolutionConfigurationPlatforms) = preSolution
		Debug|Any CPU = Debug|Any CPU
		Release|Any CPU = Release|Any CPU
	EndGlobalSection
	GlobalSection(ProjectConfigurationPlatforms) = postSolution
		{FACC4C30-C496-4DC8-A83A-46C8FF3B280C}.Debug|Any CPU.ActiveCfg = Debug|Any CPU
		{FACC4C30-C496-4DC8-A83A-46C8FF3B280C}.Debug|Any CPU.Build.0 = Debug|Any CPU
		{FACC4C30-C496-4DC8-A83A-46C8FF3B280C}.Release|Any CPU.ActiveCfg = Release|Any CPU
		{FACC4C30-C496-4DC8-A83A-46C8FF3B280C}.Release|Any CPU.Build.0 = Release|Any CPU
	EndGlobalSection
	GlobalSection(SolutionProperties) = preSolution
		HideSolutionNode = FALSE
	EndGlobalSection
EndGlobal
